
Microsoft Visual Studio Solution File, Format Version 12.00
# Visual Studio Version 17
VisualStudioVersion = 17.5.33627.172
MinimumVisualStudioVersion = 10.0.40219.1
Project("{2150E333-8FDC-42A3-9474-1A3956D46DE8}") = "Clients", "Clients", "{9ECFC39A-E54A-4B99-9745-4896EA6DEE99}"
EndProject
Project("{2150E333-8FDC-42A3-9474-1A3956D46DE8}") = "Api.Gateways", "Api.Gateways", "{A8F1B955-A33D-452E-9931-D1C4DEC80BD4}"
EndProject
Project("{2150E333-8FDC-42A3-9474-1A3956D46DE8}") = "Services", "Services", "{936661CF-6261-4DC6-B7FB-BE890166EC32}"
EndProject
Project("{2150E333-8FDC-42A3-9474-1A3956D46DE8}") = "Identity", "Identity", "{BE575EF7-BAFD-46C2-BD00-6B99469BF889}"
EndProject
Project("{2150E333-8FDC-42A3-9474-1A3956D46DE8}") = "Catalog", "Catalog", "{80B0AE5C-55CF-405D-AFFC-57F522C3B351}"
EndProject
Project("{2150E333-8FDC-42A3-9474-1A3956D46DE8}") = "Customer", "Customer", "{6A5EF3CC-E625-43B9-BA8E-E5E53430F373}"
EndProject
Project("{2150E333-8FDC-42A3-9474-1A3956D46DE8}") = "Order", "Order", "{698CC8FB-D539-4103-8968-57DA9318F862}"
EndProject
Project("{9A19103F-16F7-4668-BE54-9A1E7A4F7556}") = "Catalog.API", "src\Services\Catalog\Catalog.API\Catalog.API.csproj", "{6095A276-BFE7-4879-9742-F8B3237D371F}"
EndProject
Project("{2150E333-8FDC-42A3-9474-1A3956D46DE8}") = "API", "API", "{8654A281-886B-489A-B9A5-99CD9F16A46B}"
EndProject
Project("{2150E333-8FDC-42A3-9474-1A3956D46DE8}") = "Services", "Services", "{6711E657-09F7-4974-A940-A5CE7A08B4D6}"
EndProject
Project("{2150E333-8FDC-42A3-9474-1A3956D46DE8}") = "Persistence", "Persistence", "{1163BE72-C59D-47CB-9BE5-FE22DF4A796A}"
EndProject
Project("{2150E333-8FDC-42A3-9474-1A3956D46DE8}") = "Models", "Models", "{B060B16C-2054-42C1-A4BA-7D0AF6C28A0A}"
EndProject
Project("{9A19103F-16F7-4668-BE54-9A1E7A4F7556}") = "Catalog.Domain", "src\Services\Catalog\Catalog.Domain\Catalog.Domain.csproj", "{EF2703F0-5036-4D31-942F-44766ED2B089}"
EndProject
Project("{9A19103F-16F7-4668-BE54-9A1E7A4F7556}") = "Catalog.Persistence.Database", "src\Services\Catalog\Catalog.Persistence.Database\Catalog.Persistence.Database.csproj", "{14213919-C32D-4E0E-9AA2-1A43A486F802}"
EndProject
Project("{9A19103F-16F7-4668-BE54-9A1E7A4F7556}") = "Catalog.Service.Queries", "src\Services\Catalog\Catalog.Service.Queries\Catalog.Service.Queries.csproj", "{2600A165-DBD7-40BC-A994-59FAD90B9BAD}"
EndProject
Project("{2150E333-8FDC-42A3-9474-1A3956D46DE8}") = "Common", "Common", "{EE98FEE5-F8E0-464E-A4F0-BBC6F37125D8}"
EndProject
Project("{9A19103F-16F7-4668-BE54-9A1E7A4F7556}") = "Service.Common.Collection", "src\Services\Common\Service.Common.Collection\Service.Common.Collection.csproj", "{8A70F155-6C37-4123-86DE-1FF3A3893DE0}"
EndProject
Project("{9A19103F-16F7-4668-BE54-9A1E7A4F7556}") = "Service.Common.Mapping", "src\Services\Common\Service.Common.Mapping\Service.Common.Mapping.csproj", "{3E7E302F-F2E4-4A1D-9F02-F80880AAE363}"
EndProject
Project("{9A19103F-16F7-4668-BE54-9A1E7A4F7556}") = "Service.Common.Paging", "src\Services\Common\Service.Common.Paging\Service.Common.Paging.csproj", "{3037B073-73BE-4140-90CE-68C36D32BC21}"
EndProject
Project("{9A19103F-16F7-4668-BE54-9A1E7A4F7556}") = "Catalog.Service.EventHandlers", "src\Services\Catalog\Catalog.Service.EventHandlers\Catalog.Service.EventHandlers.csproj", "{43B6565F-4DB4-4846-AE6A-2FCA3AE3126B}"
EndProject
Project("{2150E333-8FDC-42A3-9474-1A3956D46DE8}") = "Common", "Common", "{2759607C-A9A3-403F-BE8A-CC93068B2A61}"
EndProject
Project("{9A19103F-16F7-4668-BE54-9A1E7A4F7556}") = "Catalog.common", "src\Services\Catalog\Catalog.common\Catalog.common.csproj", "{129B983E-1212-4307-938B-53F020AE5D4C}"
EndProject
Project("{2150E333-8FDC-42A3-9474-1A3956D46DE8}") = "Common", "Common", "{A2217B51-98D0-4906-A5D9-9E47ADD690BE}"
EndProject
Project("{9A19103F-16F7-4668-BE54-9A1E7A4F7556}") = "Common.Logging", "src\Common\Common.Logging\Common.Logging.csproj", "{F6AB8F77-8103-4619-A4CC-AA55652EB656}"
EndProject
Project("{2150E333-8FDC-42A3-9474-1A3956D46DE8}") = "Testing", "Testing", "{4D14C7A4-F6C4-4505-B1CA-78C7AFB1BEB8}"
EndProject
Project("{9A19103F-16F7-4668-BE54-9A1E7A4F7556}") = "Catalog.Test", "src\Services\Catalog\Catalog.Test\Catalog.Test.csproj", "{7D0AAA2C-A262-4D39-87C3-34BEE0957C2F}"
EndProject
Project("{2150E333-8FDC-42A3-9474-1A3956D46DE8}") = "API", "API", "{1DDFE9CA-3447-40CD-800B-9DF3BD8A6C25}"
EndProject
Project("{2150E333-8FDC-42A3-9474-1A3956D46DE8}") = "Models", "Models", "{2DB88EA5-FB90-4914-ABC5-28E66EE5E4C3}"
EndProject
Project("{2150E333-8FDC-42A3-9474-1A3956D46DE8}") = "Services", "Services", "{8F7D504A-FB31-4719-88D4-5FD4CA93E6E9}"
EndProject
Project("{2150E333-8FDC-42A3-9474-1A3956D46DE8}") = "Persistence", "Persistence", "{A5C401A9-9888-40D7-8118-A34EBF041601}"
EndProject
Project("{2150E333-8FDC-42A3-9474-1A3956D46DE8}") = "Testing", "Testing", "{BABD2528-D0F8-45AC-9C59-FE53DF618239}"
EndProject
Project("{FAE04EC0-301F-11D3-BF4B-00C04F79EFBC}") = "Customer.Api", "src\Services\Customer\Customer.Api\Customer.Api.csproj", "{74C0D17F-7AD7-4D5F-8E56-ADCF4113A6EE}"
EndProject
Project("{FAE04EC0-301F-11D3-BF4B-00C04F79EFBC}") = "Customer.Domain", "src\Services\Customer\Customer.Domain\Customer.Domain.csproj", "{4BF3D803-16B3-40B7-9B22-A7A0633A90B7}"
EndProject
Project("{FAE04EC0-301F-11D3-BF4B-00C04F79EFBC}") = "Customer.Persistence.Database", "src\Services\Customer\Customer.Persistence.Database\Customer.Persistence.Database.csproj", "{4FE68018-4953-476C-AE6E-9450B882C145}"
EndProject
Project("{FAE04EC0-301F-11D3-BF4B-00C04F79EFBC}") = "Customer.Service.Queries", "src\Services\Customer\Customer.Service.Queries\Customer.Service.Queries.csproj", "{3A5E827A-176F-472A-9288-E34D0C1ED713}"
EndProject
Project("{FAE04EC0-301F-11D3-BF4B-00C04F79EFBC}") = "Customer.Service.EventHandlers", "src\Services\Customer\Customer.Service.EventHandlers\Customer.Service.EventHandlers.csproj", "{D4DB3712-2910-4A2B-ADE3-82122450261A}"
EndProject
Global
	GlobalSection(SolutionConfigurationPlatforms) = preSolution
		Debug|Any CPU = Debug|Any CPU
		Release|Any CPU = Release|Any CPU
	EndGlobalSection
	GlobalSection(ProjectConfigurationPlatforms) = postSolution
		{6095A276-BFE7-4879-9742-F8B3237D371F}.Debug|Any CPU.ActiveCfg = Debug|Any CPU
		{6095A276-BFE7-4879-9742-F8B3237D371F}.Debug|Any CPU.Build.0 = Debug|Any CPU
		{6095A276-BFE7-4879-9742-F8B3237D371F}.Release|Any CPU.ActiveCfg = Release|Any CPU
		{6095A276-BFE7-4879-9742-F8B3237D371F}.Release|Any CPU.Build.0 = Release|Any CPU
		{EF2703F0-5036-4D31-942F-44766ED2B089}.Debug|Any CPU.ActiveCfg = Debug|Any CPU
		{EF2703F0-5036-4D31-942F-44766ED2B089}.Debug|Any CPU.Build.0 = Debug|Any CPU
		{EF2703F0-5036-4D31-942F-44766ED2B089}.Release|Any CPU.ActiveCfg = Release|Any CPU
		{EF2703F0-5036-4D31-942F-44766ED2B089}.Release|Any CPU.Build.0 = Release|Any CPU
		{14213919-C32D-4E0E-9AA2-1A43A486F802}.Debug|Any CPU.ActiveCfg = Debug|Any CPU
		{14213919-C32D-4E0E-9AA2-1A43A486F802}.Debug|Any CPU.Build.0 = Debug|Any CPU
		{14213919-C32D-4E0E-9AA2-1A43A486F802}.Release|Any CPU.ActiveCfg = Release|Any CPU
		{14213919-C32D-4E0E-9AA2-1A43A486F802}.Release|Any CPU.Build.0 = Release|Any CPU
		{2600A165-DBD7-40BC-A994-59FAD90B9BAD}.Debug|Any CPU.ActiveCfg = Debug|Any CPU
		{2600A165-DBD7-40BC-A994-59FAD90B9BAD}.Debug|Any CPU.Build.0 = Debug|Any CPU
		{2600A165-DBD7-40BC-A994-59FAD90B9BAD}.Release|Any CPU.ActiveCfg = Release|Any CPU
		{2600A165-DBD7-40BC-A994-59FAD90B9BAD}.Release|Any CPU.Build.0 = Release|Any CPU
		{8A70F155-6C37-4123-86DE-1FF3A3893DE0}.Debug|Any CPU.ActiveCfg = Debug|Any CPU
		{8A70F155-6C37-4123-86DE-1FF3A3893DE0}.Debug|Any CPU.Build.0 = Debug|Any CPU
		{8A70F155-6C37-4123-86DE-1FF3A3893DE0}.Release|Any CPU.ActiveCfg = Release|Any CPU
		{8A70F155-6C37-4123-86DE-1FF3A3893DE0}.Release|Any CPU.Build.0 = Release|Any CPU
		{3E7E302F-F2E4-4A1D-9F02-F80880AAE363}.Debug|Any CPU.ActiveCfg = Debug|Any CPU
		{3E7E302F-F2E4-4A1D-9F02-F80880AAE363}.Debug|Any CPU.Build.0 = Debug|Any CPU
		{3E7E302F-F2E4-4A1D-9F02-F80880AAE363}.Release|Any CPU.ActiveCfg = Release|Any CPU
		{3E7E302F-F2E4-4A1D-9F02-F80880AAE363}.Release|Any CPU.Build.0 = Release|Any CPU
		{3037B073-73BE-4140-90CE-68C36D32BC21}.Debug|Any CPU.ActiveCfg = Debug|Any CPU
		{3037B073-73BE-4140-90CE-68C36D32BC21}.Debug|Any CPU.Build.0 = Debug|Any CPU
		{3037B073-73BE-4140-90CE-68C36D32BC21}.Release|Any CPU.ActiveCfg = Release|Any CPU
		{3037B073-73BE-4140-90CE-68C36D32BC21}.Release|Any CPU.Build.0 = Release|Any CPU
		{43B6565F-4DB4-4846-AE6A-2FCA3AE3126B}.Debug|Any CPU.ActiveCfg = Debug|Any CPU
		{43B6565F-4DB4-4846-AE6A-2FCA3AE3126B}.Debug|Any CPU.Build.0 = Debug|Any CPU
		{43B6565F-4DB4-4846-AE6A-2FCA3AE3126B}.Release|Any CPU.ActiveCfg = Release|Any CPU
		{43B6565F-4DB4-4846-AE6A-2FCA3AE3126B}.Release|Any CPU.Build.0 = Release|Any CPU
		{129B983E-1212-4307-938B-53F020AE5D4C}.Debug|Any CPU.ActiveCfg = Debug|Any CPU
		{129B983E-1212-4307-938B-53F020AE5D4C}.Debug|Any CPU.Build.0 = Debug|Any CPU
		{129B983E-1212-4307-938B-53F020AE5D4C}.Release|Any CPU.ActiveCfg = Release|Any CPU
		{129B983E-1212-4307-938B-53F020AE5D4C}.Release|Any CPU.Build.0 = Release|Any CPU
		{F6AB8F77-8103-4619-A4CC-AA55652EB656}.Debug|Any CPU.ActiveCfg = Debug|Any CPU
		{F6AB8F77-8103-4619-A4CC-AA55652EB656}.Debug|Any CPU.Build.0 = Debug|Any CPU
		{F6AB8F77-8103-4619-A4CC-AA55652EB656}.Release|Any CPU.ActiveCfg = Release|Any CPU
		{F6AB8F77-8103-4619-A4CC-AA55652EB656}.Release|Any CPU.Build.0 = Release|Any CPU
		{7D0AAA2C-A262-4D39-87C3-34BEE0957C2F}.Debug|Any CPU.ActiveCfg = Debug|Any CPU
		{7D0AAA2C-A262-4D39-87C3-34BEE0957C2F}.Debug|Any CPU.Build.0 = Debug|Any CPU
		{7D0AAA2C-A262-4D39-87C3-34BEE0957C2F}.Release|Any CPU.ActiveCfg = Release|Any CPU
		{7D0AAA2C-A262-4D39-87C3-34BEE0957C2F}.Release|Any CPU.Build.0 = Release|Any CPU
		{74C0D17F-7AD7-4D5F-8E56-ADCF4113A6EE}.Debug|Any CPU.ActiveCfg = Debug|Any CPU
		{74C0D17F-7AD7-4D5F-8E56-ADCF4113A6EE}.Debug|Any CPU.Build.0 = Debug|Any CPU
		{74C0D17F-7AD7-4D5F-8E56-ADCF4113A6EE}.Release|Any CPU.ActiveCfg = Release|Any CPU
		{74C0D17F-7AD7-4D5F-8E56-ADCF4113A6EE}.Release|Any CPU.Build.0 = Release|Any CPU
		{4BF3D803-16B3-40B7-9B22-A7A0633A90B7}.Debug|Any CPU.ActiveCfg = Debug|Any CPU
		{4BF3D803-16B3-40B7-9B22-A7A0633A90B7}.Debug|Any CPU.Build.0 = Debug|Any CPU
		{4BF3D803-16B3-40B7-9B22-A7A0633A90B7}.Release|Any CPU.ActiveCfg = Release|Any CPU
		{4BF3D803-16B3-40B7-9B22-A7A0633A90B7}.Release|Any CPU.Build.0 = Release|Any CPU
		{4FE68018-4953-476C-AE6E-9450B882C145}.Debug|Any CPU.ActiveCfg = Debug|Any CPU
		{4FE68018-4953-476C-AE6E-9450B882C145}.Debug|Any CPU.Build.0 = Debug|Any CPU
		{4FE68018-4953-476C-AE6E-9450B882C145}.Release|Any CPU.ActiveCfg = Release|Any CPU
		{4FE68018-4953-476C-AE6E-9450B882C145}.Release|Any CPU.Build.0 = Release|Any CPU
		{3A5E827A-176F-472A-9288-E34D0C1ED713}.Debug|Any CPU.ActiveCfg = Debug|Any CPU
		{3A5E827A-176F-472A-9288-E34D0C1ED713}.Debug|Any CPU.Build.0 = Debug|Any CPU
		{3A5E827A-176F-472A-9288-E34D0C1ED713}.Release|Any CPU.ActiveCfg = Release|Any CPU
		{3A5E827A-176F-472A-9288-E34D0C1ED713}.Release|Any CPU.Build.0 = Release|Any CPU
		{D4DB3712-2910-4A2B-ADE3-82122450261A}.Debug|Any CPU.ActiveCfg = Debug|Any CPU
		{D4DB3712-2910-4A2B-ADE3-82122450261A}.Debug|Any CPU.Build.0 = Debug|Any CPU
		{D4DB3712-2910-4A2B-ADE3-82122450261A}.Release|Any CPU.ActiveCfg = Release|Any CPU
		{D4DB3712-2910-4A2B-ADE3-82122450261A}.Release|Any CPU.Build.0 = Release|Any CPU
	EndGlobalSection
	GlobalSection(SolutionProperties) = preSolution
		HideSolutionNode = FALSE
	EndGlobalSection
	GlobalSection(NestedProjects) = preSolution
		{BE575EF7-BAFD-46C2-BD00-6B99469BF889} = {936661CF-6261-4DC6-B7FB-BE890166EC32}
		{80B0AE5C-55CF-405D-AFFC-57F522C3B351} = {936661CF-6261-4DC6-B7FB-BE890166EC32}
		{6A5EF3CC-E625-43B9-BA8E-E5E53430F373} = {936661CF-6261-4DC6-B7FB-BE890166EC32}
		{698CC8FB-D539-4103-8968-57DA9318F862} = {936661CF-6261-4DC6-B7FB-BE890166EC32}
		{6095A276-BFE7-4879-9742-F8B3237D371F} = {8654A281-886B-489A-B9A5-99CD9F16A46B}
		{8654A281-886B-489A-B9A5-99CD9F16A46B} = {80B0AE5C-55CF-405D-AFFC-57F522C3B351}
		{6711E657-09F7-4974-A940-A5CE7A08B4D6} = {80B0AE5C-55CF-405D-AFFC-57F522C3B351}
		{1163BE72-C59D-47CB-9BE5-FE22DF4A796A} = {80B0AE5C-55CF-405D-AFFC-57F522C3B351}
		{B060B16C-2054-42C1-A4BA-7D0AF6C28A0A} = {80B0AE5C-55CF-405D-AFFC-57F522C3B351}
		{EF2703F0-5036-4D31-942F-44766ED2B089} = {B060B16C-2054-42C1-A4BA-7D0AF6C28A0A}
		{14213919-C32D-4E0E-9AA2-1A43A486F802} = {1163BE72-C59D-47CB-9BE5-FE22DF4A796A}
		{2600A165-DBD7-40BC-A994-59FAD90B9BAD} = {6711E657-09F7-4974-A940-A5CE7A08B4D6}
		{EE98FEE5-F8E0-464E-A4F0-BBC6F37125D8} = {936661CF-6261-4DC6-B7FB-BE890166EC32}
		{8A70F155-6C37-4123-86DE-1FF3A3893DE0} = {EE98FEE5-F8E0-464E-A4F0-BBC6F37125D8}
		{3E7E302F-F2E4-4A1D-9F02-F80880AAE363} = {EE98FEE5-F8E0-464E-A4F0-BBC6F37125D8}
		{3037B073-73BE-4140-90CE-68C36D32BC21} = {EE98FEE5-F8E0-464E-A4F0-BBC6F37125D8}
		{43B6565F-4DB4-4846-AE6A-2FCA3AE3126B} = {6711E657-09F7-4974-A940-A5CE7A08B4D6}
		{2759607C-A9A3-403F-BE8A-CC93068B2A61} = {80B0AE5C-55CF-405D-AFFC-57F522C3B351}
		{129B983E-1212-4307-938B-53F020AE5D4C} = {2759607C-A9A3-403F-BE8A-CC93068B2A61}
		{F6AB8F77-8103-4619-A4CC-AA55652EB656} = {A2217B51-98D0-4906-A5D9-9E47ADD690BE}
		{4D14C7A4-F6C4-4505-B1CA-78C7AFB1BEB8} = {80B0AE5C-55CF-405D-AFFC-57F522C3B351}
		{7D0AAA2C-A262-4D39-87C3-34BEE0957C2F} = {4D14C7A4-F6C4-4505-B1CA-78C7AFB1BEB8}
		{1DDFE9CA-3447-40CD-800B-9DF3BD8A6C25} = {6A5EF3CC-E625-43B9-BA8E-E5E53430F373}
		{2DB88EA5-FB90-4914-ABC5-28E66EE5E4C3} = {6A5EF3CC-E625-43B9-BA8E-E5E53430F373}
		{8F7D504A-FB31-4719-88D4-5FD4CA93E6E9} = {6A5EF3CC-E625-43B9-BA8E-E5E53430F373}
		{A5C401A9-9888-40D7-8118-A34EBF041601} = {6A5EF3CC-E625-43B9-BA8E-E5E53430F373}
		{BABD2528-D0F8-45AC-9C59-FE53DF618239} = {6A5EF3CC-E625-43B9-BA8E-E5E53430F373}
		{74C0D17F-7AD7-4D5F-8E56-ADCF4113A6EE} = {1DDFE9CA-3447-40CD-800B-9DF3BD8A6C25}
		{4BF3D803-16B3-40B7-9B22-A7A0633A90B7} = {2DB88EA5-FB90-4914-ABC5-28E66EE5E4C3}
		{4FE68018-4953-476C-AE6E-9450B882C145} = {A5C401A9-9888-40D7-8118-A34EBF041601}
		{3A5E827A-176F-472A-9288-E34D0C1ED713} = {8F7D504A-FB31-4719-88D4-5FD4CA93E6E9}
		{D4DB3712-2910-4A2B-ADE3-82122450261A} = {8F7D504A-FB31-4719-88D4-5FD4CA93E6E9}
	EndGlobalSection
	GlobalSection(ExtensibilityGlobals) = postSolution
		SolutionGuid = {EA608C00-AE09-4F21-B3EA-E180FF5F711B}
	EndGlobalSection
EndGlobal
